
Microsoft Visual Studio Solution File, Format Version 12.00
# Visual Studio Version 17
VisualStudioVersion = 17.7.34031.279
MinimumVisualStudioVersion = 10.0.40219.1
Project("{FAE04EC0-301F-11D3-BF4B-00C04F79EFBC}") = "Project_", "Project_\Project_.csproj", "{E6017624-706F-4073-B598-E90D2E5AB1B9}"
EndProject
Global
	GlobalSection(SolutionConfigurationPlatforms) = preSolution
		Debug|Any CPU = Debug|Any CPU
		Release|Any CPU = Release|Any CPU
	EndGlobalSection
	GlobalSection(ProjectConfigurationPlatforms) = postSolution
		{E6017624-706F-4073-B598-E90D2E5AB1B9}.Debug|Any CPU.ActiveCfg = Debug|Any CPU
		{E6017624-706F-4073-B598-E90D2E5AB1B9}.Debug|Any CPU.Build.0 = Debug|Any CPU
		{E6017624-706F-4073-B598-E90D2E5AB1B9}.Release|Any CPU.ActiveCfg = Release|Any CPU
		{E6017624-706F-4073-B598-E90D2E5AB1B9}.Release|Any CPU.Build.0 = Release|Any CPU
	EndGlobalSection
	GlobalSection(SolutionProperties) = preSolution
		HideSolutionNode = FALSE
	EndGlobalSection
	GlobalSection(ExtensibilityGlobals) = postSolution
		SolutionGuid = {63C00F9F-A3D9-457B-8804-88AAEF55C4A3}
	EndGlobalSection
EndGlobal
